
Microsoft Visual Studio Solution File, Format Version 12.00
# Visual Studio Version 17
VisualStudioVersion = 17.0.31903.59
MinimumVisualStudioVersion = 10.0.40219.1
Project("{FAE04EC0-301F-11D3-BF4B-00C04F79EFBC}") = "advent_2_2", "advent_2_2.csproj", "{B94C1245-ECC5-48D1-BD7F-FD5A86A6618D}"
EndProject
Global
	GlobalSection(SolutionConfigurationPlatforms) = preSolution
		Debug|Any CPU = Debug|Any CPU
		Release|Any CPU = Release|Any CPU
	EndGlobalSection
	GlobalSection(SolutionProperties) = preSolution
		HideSolutionNode = FALSE
	EndGlobalSection
	GlobalSection(ProjectConfigurationPlatforms) = postSolution
		{B94C1245-ECC5-48D1-BD7F-FD5A86A6618D}.Debug|Any CPU.ActiveCfg = Debug|Any CPU
		{B94C1245-ECC5-48D1-BD7F-FD5A86A6618D}.Debug|Any CPU.Build.0 = Debug|Any CPU
		{B94C1245-ECC5-48D1-BD7F-FD5A86A6618D}.Release|Any CPU.ActiveCfg = Release|Any CPU
		{B94C1245-ECC5-48D1-BD7F-FD5A86A6618D}.Release|Any CPU.Build.0 = Release|Any CPU
	EndGlobalSection
EndGlobal
